// !$*UTF8*$!
{
	archiveVersion = 1;
	classes = {
	};
	objectVersion = 46;
	objects = {

/* Begin PBXBuildFile section */
		1732C0BC215D8988427E6772 /* Pods_score.framework in Frameworks */ = {isa = PBXBuildFile; fileRef = 2B57FAA06CAAB35088B20C62 /* Pods_score.framework */; };
		E329BC1B1D0AB4C20075D5B1 /* AppDelegate.swift in Sources */ = {isa = PBXBuildFile; fileRef = E329BC1A1D0AB4C20075D5B1 /* AppDelegate.swift */; };
		E329BC1D1D0AB4C20075D5B1 /* ViewController.swift in Sources */ = {isa = PBXBuildFile; fileRef = E329BC1C1D0AB4C20075D5B1 /* ViewController.swift */; };
		E329BC221D0AB4C20075D5B1 /* Assets.xcassets in Resources */ = {isa = PBXBuildFile; fileRef = E329BC211D0AB4C20075D5B1 /* Assets.xcassets */; };
		E329BC251D0AB4C20075D5B1 /* LaunchScreen.storyboard in Resources */ = {isa = PBXBuildFile; fileRef = E329BC231D0AB4C20075D5B1 /* LaunchScreen.storyboard */; };
/* End PBXBuildFile section */

/* Begin PBXFileReference section */
		23BDCA54C1F2E43C5F7D0E2A /* Pods-score.debug.xcconfig */ = {isa = PBXFileReference; includeInIndex = 1; lastKnownFileType = text.xcconfig; name = "Pods-score.debug.xcconfig"; path = "Pods/Target Support Files/Pods-score/Pods-score.debug.xcconfig"; sourceTree = "<group>"; };
		2B57FAA06CAAB35088B20C62 /* Pods_score.framework */ = {isa = PBXFileReference; explicitFileType = wrapper.framework; includeInIndex = 0; path = Pods_score.framework; sourceTree = BUILT_PRODUCTS_DIR; };
		51BEB9283864BA7B26724682 /* Pods-score.release.xcconfig */ = {isa = PBXFileReference; includeInIndex = 1; lastKnownFileType = text.xcconfig; name = "Pods-score.release.xcconfig"; path = "Pods/Target Support Files/Pods-score/Pods-score.release.xcconfig"; sourceTree = "<group>"; };
		E329BC171D0AB4C20075D5B1 /* score.app */ = {isa = PBXFileReference; explicitFileType = wrapper.application; includeInIndex = 0; path = score.app; sourceTree = BUILT_PRODUCTS_DIR; };
		E329BC1A1D0AB4C20075D5B1 /* AppDelegate.swift */ = {isa = PBXFileReference; lastKnownFileType = sourcecode.swift; path = AppDelegate.swift; sourceTree = "<group>"; };
		E329BC1C1D0AB4C20075D5B1 /* ViewController.swift */ = {isa = PBXFileReference; lastKnownFileType = sourcecode.swift; path = ViewController.swift; sourceTree = "<group>"; };
		E329BC211D0AB4C20075D5B1 /* Assets.xcassets */ = {isa = PBXFileReference; lastKnownFileType = folder.assetcatalog; path = Assets.xcassets; sourceTree = "<group>"; };
		E329BC241D0AB4C20075D5B1 /* Base */ = {isa = PBXFileReference; lastKnownFileType = file.storyboard; name = Base; path = Base.lproj/LaunchScreen.storyboard; sourceTree = "<group>"; };
		E329BC261D0AB4C20075D5B1 /* Info.plist */ = {isa = PBXFileReference; lastKnownFileType = text.plist.xml; path = Info.plist; sourceTree = "<group>"; };
/* End PBXFileReference section */

/* Begin PBXFrameworksBuildPhase section */
		E329BC141D0AB4C20075D5B1 /* Frameworks */ = {
			isa = PBXFrameworksBuildPhase;
			buildActionMask = 2147483647;
			files = (
				1732C0BC215D8988427E6772 /* Pods_score.framework in Frameworks */,
			);
			runOnlyForDeploymentPostprocessing = 0;
		};
/* End PBXFrameworksBuildPhase section */

/* Begin PBXGroup section */
		073025D052900C6C10F62725 /* Pods */ = {
			isa = PBXGroup;
			children = (
				23BDCA54C1F2E43C5F7D0E2A /* Pods-score.debug.xcconfig */,
				51BEB9283864BA7B26724682 /* Pods-score.release.xcconfig */,
			);
			name = Pods;
			sourceTree = "<group>";
		};
		44162BCCB684886B52AE6B76 /* Frameworks */ = {
			isa = PBXGroup;
			children = (
				2B57FAA06CAAB35088B20C62 /* Pods_score.framework */,
			);
			name = Frameworks;
			sourceTree = "<group>";
		};
		E329BC0E1D0AB4C20075D5B1 = {
			isa = PBXGroup;
			children = (
				E329BC191D0AB4C20075D5B1 /* score */,
				E329BC181D0AB4C20075D5B1 /* Products */,
				073025D052900C6C10F62725 /* Pods */,
				44162BCCB684886B52AE6B76 /* Frameworks */,
			);
			sourceTree = "<group>";
		};
		E329BC181D0AB4C20075D5B1 /* Products */ = {
			isa = PBXGroup;
			children = (
				E329BC171D0AB4C20075D5B1 /* score.app */,
			);
			name = Products;
			sourceTree = "<group>";
		};
		E329BC191D0AB4C20075D5B1 /* score */ = {
			isa = PBXGroup;
			children = (
				E329BC1A1D0AB4C20075D5B1 /* AppDelegate.swift */,
				E329BC1C1D0AB4C20075D5B1 /* ViewController.swift */,
				E329BC211D0AB4C20075D5B1 /* Assets.xcassets */,
				E329BC231D0AB4C20075D5B1 /* LaunchScreen.storyboard */,
				E329BC261D0AB4C20075D5B1 /* Info.plist */,
			);
			path = score;
			sourceTree = "<group>";
		};
/* End PBXGroup section */

/* Begin PBXNativeTarget section */
		E329BC161D0AB4C20075D5B1 /* score */ = {
			isa = PBXNativeTarget;
			buildConfigurationList = E329BC291D0AB4C20075D5B1 /* Build configuration list for PBXNativeTarget "score" */;
			buildPhases = (
				38E4093A18C9FE04647C2A48 /* [CP] Check Pods Manifest.lock */,
				E329BC131D0AB4C20075D5B1 /* Sources */,
				E329BC141D0AB4C20075D5B1 /* Frameworks */,
				E329BC151D0AB4C20075D5B1 /* Resources */,
				5516EAE7CE5E99C23430059D /* [CP] Embed Pods Frameworks */,
				1E9D8366609B10D5572992A2 /* [CP] Copy Pods Resources */,
			);
			buildRules = (
			);
			dependencies = (
			);
			name = score;
			productName = score;
			productReference = E329BC171D0AB4C20075D5B1 /* score.app */;
			productType = "com.apple.product-type.application";
		};
/* End PBXNativeTarget section */

/* Begin PBXProject section */
		E329BC0F1D0AB4C20075D5B1 /* Project object */ = {
			isa = PBXProject;
			attributes = {
				LastSwiftUpdateCheck = 0730;
				LastUpgradeCheck = 0730;
				ORGANIZATIONNAME = niuniu;
				TargetAttributes = {
					E329BC161D0AB4C20075D5B1 = {
						CreatedOnToolsVersion = 7.3.1;
					};
				};
			};
			buildConfigurationList = E329BC121D0AB4C20075D5B1 /* Build configuration list for PBXProject "score" */;
			compatibilityVersion = "Xcode 3.2";
			developmentRegion = English;
			hasScannedForEncodings = 0;
			knownRegions = (
				en,
				Base,
			);
			mainGroup = E329BC0E1D0AB4C20075D5B1;
			productRefGroup = E329BC181D0AB4C20075D5B1 /* Products */;
			projectDirPath = "";
			projectRoot = "";
			targets = (
				E329BC161D0AB4C20075D5B1 /* score */,
			);
		};
/* End PBXProject section */

/* Begin PBXResourcesBuildPhase section */
		E329BC151D0AB4C20075D5B1 /* Resources */ = {
			isa = PBXResourcesBuildPhase;
			buildActionMask = 2147483647;
			files = (
				E329BC251D0AB4C20075D5B1 /* LaunchScreen.storyboard in Resources */,
				E329BC221D0AB4C20075D5B1 /* Assets.xcassets in Resources */,
			);
			runOnlyForDeploymentPostprocessing = 0;
		};
/* End PBXResourcesBuildPhase section */

/* Begin PBXShellScriptBuildPhase section */
		1E9D8366609B10D5572992A2 /* [CP] Copy Pods Resources */ = {
			isa = PBXShellScriptBuildPhase;
			buildActionMask = 2147483647;
			files = (
			);
			inputPaths = (
			);
			name = "[CP] Copy Pods Resources";
			outputPaths = (
			);
			runOnlyForDeploymentPostprocessing = 0;
			shellPath = /bin/sh;
			shellScript = "\"${SRCROOT}/Pods/Target Support Files/Pods-score/Pods-score-resources.sh\"\n";
			showEnvVarsInLog = 0;
		};
		38E4093A18C9FE04647C2A48 /* [CP] Check Pods Manifest.lock */ = {
			isa = PBXShellScriptBuildPhase;
			buildActionMask = 2147483647;
			files = (
			);
			inputPaths = (
			);
			name = "[CP] Check Pods Manifest.lock";
			outputPaths = (
			);
			runOnlyForDeploymentPostprocessing = 0;
			shellPath = /bin/sh;
			shellScript = "diff \"${PODS_ROOT}/../Podfile.lock\" \"${PODS_ROOT}/Manifest.lock\" > /dev/null\nif [[ $? != 0 ]] ; then\n    cat << EOM\nerror: The sandbox is not in sync with the Podfile.lock. Run 'pod install' or update your CocoaPods installation.\nEOM\n    exit 1\nfi\n";
			showEnvVarsInLog = 0;
		};
		5516EAE7CE5E99C23430059D /* [CP] Embed Pods Frameworks */ = {
			isa = PBXShellScriptBuildPhase;
			buildActionMask = 2147483647;
			files = (
			);
			inputPaths = (
			);
			name = "[CP] Embed Pods Frameworks";
			outputPaths = (
			);
			runOnlyForDeploymentPostprocessing = 0;
			shellPath = /bin/sh;
			shellScript = "\"${SRCROOT}/Pods/Target Support Files/Pods-score/Pods-score-frameworks.sh\"\n";
			showEnvVarsInLog = 0;
		};
/* End PBXShellScriptBuildPhase section */

/* Begin PBXSourcesBuildPhase section */
		E329BC131D0AB4C20075D5B1 /* Sources */ = {
			isa = PBXSourcesBuildPhase;
			buildActionMask = 2147483647;
			files = (
				E329BC1D1D0AB4C20075D5B1 /* ViewController.swift in Sources */,
				E329BC1B1D0AB4C20075D5B1 /* AppDelegate.swift in Sources */,
			);
			runOnlyForDeploymentPostprocessing = 0;
		};
/* End PBXSourcesBuildPhase section */

/* Begin PBXVariantGroup section */
		E329BC231D0AB4C20075D5B1 /* LaunchScreen.storyboard */ = {
			isa = PBXVariantGroup;
			children = (
				E329BC241D0AB4C20075D5B1 /* Base */,
			);
			name = LaunchScreen.storyboard;
			sourceTree = "<group>";
		};
/* End PBXVariantGroup section */

/* Begin XCBuildConfiguration section */
		E329BC271D0AB4C20075D5B1 /* Debug */ = {
			isa = XCBuildConfiguration;
			buildSettings = {
				ALWAYS_SEARCH_USER_PATHS = NO;
				CLANG_ANALYZER_NONNULL = YES;
				CLANG_CXX_LANGUAGE_STANDARD = "gnu++0x";
				CLANG_CXX_LIBRARY = "libc++";
				CLANG_ENABLE_MODULES = YES;
				CLANG_ENABLE_OBJC_ARC = YES;
				CLANG_WARN_BOOL_CONVERSION = YES;
				CLANG_WARN_CONSTANT_CONVERSION = YES;
				CLANG_WARN_DIRECT_OBJC_ISA_USAGE = YES_ERROR;
				CLANG_WARN_EMPTY_BODY = YES;
				CLANG_WARN_ENUM_CONVERSION = YES;
				CLANG_WARN_INT_CONVERSION = YES;
				CLANG_WARN_OBJC_ROOT_CLASS = YES_ERROR;
				CLANG_WARN_UNREACHABLE_CODE = YES;
				CLANG_WARN__DUPLICATE_METHOD_MATCH = YES;
				"CODE_SIGN_IDENTITY[sdk=iphoneos*]" = "iPhone Developer";
				COPY_PHASE_STRIP = NO;
				DEBUG_INFORMATION_FORMAT = dwarf;
				ENABLE_STRICT_OBJC_MSGSEND = YES;
				ENABLE_TESTABILITY = YES;
				GCC_C_LANGUAGE_STANDARD = gnu99;
				GCC_DYNAMIC_NO_PIC = NO;
				GCC_NO_COMMON_BLOCKS = YES;
				GCC_OPTIMIZATION_LEVEL = 0;
				GCC_PREPROCESSOR_DEFINITIONS = (
					"DEBUG=1",
					"$(inherited)",
				);
				GCC_WARN_64_TO_32_BIT_CONVERSION = YES;
				GCC_WARN_ABOUT_RETURN_TYPE = YES_ERROR;
				GCC_WARN_UNDECLARED_SELECTOR = YES;
				GCC_WARN_UNINITIALIZED_AUTOS = YES_AGGRESSIVE;
				GCC_WARN_UNUSED_FUNCTION = YES;
				GCC_WARN_UNUSED_VARIABLE = YES;
				IPHONEOS_DEPLOYMENT_TARGET = 9.3;
				MTL_ENABLE_DEBUG_INFO = YES;
				ONLY_ACTIVE_ARCH = YES;
				SDKROOT = iphoneos;
				SWIFT_OPTIMIZATION_LEVEL = "-Onone";
				TARGETED_DEVICE_FAMILY = "1,2";
			};
			name = Debug;
		};
		E329BC281D0AB4C20075D5B1 /* Release */ = {
			isa = XCBuildConfiguration;
			buildSettings = {
				ALWAYS_SEARCH_USER_PATHS = NO;
				CLANG_ANALYZER_NONNULL = YES;
				CLANG_CXX_LANGUAGE_STANDARD = "gnu++0x";
				CLANG_CXX_LIBRARY = "libc++";
				CLANG_ENABLE_MODULES = YES;
				CLANG_ENABLE_OBJC_ARC = YES;
				CLANG_WARN_BOOL_CONVERSION = YES;
				CLANG_WARN_CONSTANT_CONVERSION = YES;
				CLANG_WARN_DIRECT_OBJC_ISA_USAGE = YES_ERROR;
				CLANG_WARN_EMPTY_BODY = YES;
				CLANG_WARN_ENUM_CONVERSION = YES;
				CLANG_WARN_INT_CONVERSION = YES;
				CLANG_WARN_OBJC_ROOT_CLASS = YES_ERROR;
				CLANG_WARN_UNREACHABLE_CODE = YES;
				CLANG_WARN__DUPLICATE_METHOD_MATCH = YES;
				"CODE_SIGN_IDENTITY[sdk=iphoneos*]" = "iPhone Developer";
				COPY_PHASE_STRIP = NO;
				DEBUG_INFORMATION_FORMAT = "dwarf-with-dsym";
				ENABLE_NS_ASSERTIONS = NO;
				ENABLE_STRICT_OBJC_MSGSEND = YES;
				GCC_C_LANGUAGE_STANDARD = gnu99;
				GCC_NO_COMMON_BLOCKS = YES;
				GCC_WARN_64_TO_32_BIT_CONVERSION = YES;
				GCC_WARN_ABOUT_RETURN_TYPE = YES_ERROR;
				GCC_WARN_UNDECLARED_SELECTOR = YES;
				GCC_WARN_UNINITIALIZED_AUTOS = YES_AGGRESSIVE;
				GCC_WARN_UNUSED_FUNCTION = YES;
				GCC_WARN_UNUSED_VARIABLE = YES;
				IPHONEOS_DEPLOYMENT_TARGET = 9.3;
				MTL_ENABLE_DEBUG_INFO = NO;
				SDKROOT = iphoneos;
				TARGETED_DEVICE_FAMILY = "1,2";
				VALIDATE_PRODUCT = YES;
			};
			name = Release;
		};
		E329BC2A1D0AB4C20075D5B1 /* Debug */ = {
			isa = XCBuildConfiguration;
			baseConfigurationReference = 23BDCA54C1F2E43C5F7D0E2A /* Pods-score.debug.xcconfig */;
			buildSettings = {
				ASSETCATALOG_COMPILER_APPICON_NAME = AppIcon;
				INFOPLIST_FILE = score/Info.plist;
				LD_RUNPATH_SEARCH_PATHS = "$(inherited) @executable_path/Frameworks";
				PRODUCT_BUNDLE_IDENTIFIER = com.niuniu.score;
				PRODUCT_NAME = "$(TARGET_NAME)";
			};
			name = Debug;
		};
		E329BC2B1D0AB4C20075D5B1 /* Release */ = {
			isa = XCBuildConfiguration;
			baseConfigurationReference = 51BEB9283864BA7B26724682 /* Pods-score.release.xcconfig */;
			buildSettings = {
				ASSETCATALOG_COMPILER_APPICON_NAME = AppIcon;
				INFOPLIST_FILE = score/Info.plist;
				LD_RUNPATH_SEARCH_PATHS = "$(inherited) @executable_path/Frameworks";
				PRODUCT_BUNDLE_IDENTIFIER = com.niuniu.score;
				PRODUCT_NAME = "$(TARGET_NAME)";
			};
			name = Release;
		};
/* End XCBuildConfiguration section */

/* Begin XCConfigurationList section */
		E329BC121D0AB4C20075D5B1 /* Build configuration list for PBXProject "score" */ = {
			isa = XCConfigurationList;
			buildConfigurations = (
				E329BC271D0AB4C20075D5B1 /* Debug */,
				E329BC281D0AB4C20075D5B1 /* Release */,
			);
			defaultConfigurationIsVisible = 0;
			defaultConfigurationName = Release;
		};
		E329BC291D0AB4C20075D5B1 /* Build configuration list for PBXNativeTarget "score" */ = {
			isa = XCConfigurationList;
			buildConfigurations = (
				E329BC2A1D0AB4C20075D5B1 /* Debug */,
				E329BC2B1D0AB4C20075D5B1 /* Release */,
			);
			defaultConfigurationIsVisible = 0;
			defaultConfigurationName = Release;
		};
/* End XCConfigurationList section */
	};
	rootObject = E329BC0F1D0AB4C20075D5B1 /* Project object */;
}
