PODS:
  - Alamofire (3.4.0)
  - CocoaLumberjack (2.3.0):
    - CocoaLumberjack/Default (= 2.3.0)
    - CocoaLumberjack/Extensions (= 2.3.0)
  - CocoaLumberjack/Core (2.3.0)
  - CocoaLumberjack/Default (2.3.0):
    - CocoaLumberjack/Core
  - CocoaLumberjack/Extensions (2.3.0):
    - CocoaLumberjack/Default
  - Reachability (3.2)
  - SnapKit (0.21.0)
  - ValueCoding (1.3.0)
  - YapDatabase (2.9.1):
    - YapDatabase/Standard (= 2.9.1)
  - YapDatabase/Standard (2.9.1):
    - YapDatabase/Standard/Core (= 2.9.1)
    - YapDatabase/Standard/Extensions (= 2.9.1)
  - YapDatabase/Standard/Core (2.9.1):
    - CocoaLumberjack (~> 2)
  - YapDatabase/Standard/Extensions (2.9.1):
    - YapDatabase/Standard/Core
    - YapDatabase/Standard/Extensions/ActionManager (= 2.9.1)
    - YapDatabase/Standard/Extensions/CloudKit (= 2.9.1)
    - YapDatabase/Standard/Extensions/ConnectionProxy (= 2.9.1)
    - YapDatabase/Standard/Extensions/CrossProcessNotification (= 2.9.1)
    - YapDatabase/Standard/Extensions/FilteredViews (= 2.9.1)
    - YapDatabase/Standard/Extensions/FullTextSearch (= 2.9.1)
    - YapDatabase/Standard/Extensions/Hooks (= 2.9.1)
    - YapDatabase/Standard/Extensions/Relationships (= 2.9.1)
    - YapDatabase/Standard/Extensions/RTreeIndex (= 2.9.1)
    - YapDatabase/Standard/Extensions/SearchResults (= 2.9.1)
    - YapDatabase/Standard/Extensions/SecondaryIndex (= 2.9.1)
    - YapDatabase/Standard/Extensions/Views (= 2.9.1)
  - YapDatabase/Standard/Extensions/ActionManager (2.9.1):
    - Reachability (~> 3)
    - YapDatabase/Standard/Core
    - YapDatabase/Standard/Extensions/Views
  - YapDatabase/Standard/Extensions/CloudKit (2.9.1):
    - YapDatabase/Standard/Core
  - YapDatabase/Standard/Extensions/ConnectionProxy (2.9.1):
    - YapDatabase/Standard/Core
  - YapDatabase/Standard/Extensions/CrossProcessNotification (2.9.1):
    - YapDatabase/Standard/Core
  - YapDatabase/Standard/Extensions/FilteredViews (2.9.1):
    - YapDatabase/Standard/Core
    - YapDatabase/Standard/Extensions/Views
  - YapDatabase/Standard/Extensions/FullTextSearch (2.9.1):
    - YapDatabase/Standard/Core
  - YapDatabase/Standard/Extensions/Hooks (2.9.1):
    - YapDatabase/Standard/Core
  - YapDatabase/Standard/Extensions/Relationships (2.9.1):
    - YapDatabase/Standard/Core
  - YapDatabase/Standard/Extensions/RTreeIndex (2.9.1):
    - YapDatabase/Standard/Core
  - YapDatabase/Standard/Extensions/SearchResults (2.9.1):
    - YapDatabase/Standard/Core
    - YapDatabase/Standard/Extensions/FullTextSearch
    - YapDatabase/Standard/Extensions/Views
  - YapDatabase/Standard/Extensions/SecondaryIndex (2.9.1):
    - YapDatabase/Standard/Core
  - YapDatabase/Standard/Extensions/Views (2.9.1):
    - YapDatabase/Standard/Core
  - YapDatabaseExtensions (2.5.0):
    - ValueCoding (~> 1.3)
    - YapDatabase (~> 2)
    - YapDatabaseExtensions/Persitable (= 2.5.0)
  - YapDatabaseExtensions/Core (2.5.0):
    - ValueCoding (~> 1.3)
    - YapDatabase (~> 2)
  - YapDatabaseExtensions/Functional (2.5.0):
    - ValueCoding (~> 1.3)
    - YapDatabase (~> 2)
    - YapDatabaseExtensions/Core
  - YapDatabaseExtensions/Persitable (2.5.0):
    - ValueCoding (~> 1.3)
    - YapDatabase (~> 2)
    - YapDatabaseExtensions/Functional

DEPENDENCIES:
  - Alamofire (~> 3.0)
  - SnapKit (~> 0.0)
  - YapDatabaseExtensions

SPEC CHECKSUMS:
  Alamofire: c19a627cefd6a95f840401c49ab1f124e07f54ee
  CocoaLumberjack: 97fab7ee5f507fe54445cca7ea80f926729cfd15
  Reachability: 33e18b67625424e47b6cde6d202dce689ad7af96
  SnapKit: 2756fe24b706367af224c9c508d2f9166d03354c
  ValueCoding: 9c9ed6ecdb9cc37f1a8d3fd9f5756953caf5a869
  YapDatabase: 713d4018cfacbd6e77dd430710ca84730e450980
  YapDatabaseExtensions: d050d588bd13f98cd309632c80db77771bf0dc78

PODFILE CHECKSUM: ebaae9535b57031f90bdf69aacbe3bccf564e649

COCOAPODS: 1.0.1
